
Microsoft Visual Studio Solution File, Format Version 12.00
# Visual Studio Version 17
VisualStudioVersion = 17.13.35818.85 d17.13
MinimumVisualStudioVersion = 10.0.40219.1
Project("{FAE04EC0-301F-11D3-BF4B-00C04F79EFBC}") = "250227_1", "250227_1\250227_1.csproj", "{289A2107-05D8-4436-85D4-AB8983A82BEF}"
EndProject
Global
	GlobalSection(SolutionConfigurationPlatforms) = preSolution
		Debug|Any CPU = Debug|Any CPU
		Release|Any CPU = Release|Any CPU
	EndGlobalSection
	GlobalSection(ProjectConfigurationPlatforms) = postSolution
		{289A2107-05D8-4436-85D4-AB8983A82BEF}.Debug|Any CPU.ActiveCfg = Debug|Any CPU
		{289A2107-05D8-4436-85D4-AB8983A82BEF}.Debug|Any CPU.Build.0 = Debug|Any CPU
		{289A2107-05D8-4436-85D4-AB8983A82BEF}.Release|Any CPU.ActiveCfg = Release|Any CPU
		{289A2107-05D8-4436-85D4-AB8983A82BEF}.Release|Any CPU.Build.0 = Release|Any CPU
	EndGlobalSection
	GlobalSection(SolutionProperties) = preSolution
		HideSolutionNode = FALSE
	EndGlobalSection
	GlobalSection(ExtensibilityGlobals) = postSolution
		SolutionGuid = {0A4992D8-007D-4DF7-97DE-9324E56D0C7E}
	EndGlobalSection
EndGlobal
