
Microsoft Visual Studio Solution File, Format Version 12.00
# Visual Studio Version 17
VisualStudioVersion = 17.13.35818.85 d17.13
MinimumVisualStudioVersion = 10.0.40219.1
Project("{FAE04EC0-301F-11D3-BF4B-00C04F79EFBC}") = "projectTest", "projectTest\projectTest.csproj", "{F466EF0B-363C-491A-8A74-D6181E31293A}"
EndProject
Global
	GlobalSection(SolutionConfigurationPlatforms) = preSolution
		Debug|Any CPU = Debug|Any CPU
		Release|Any CPU = Release|Any CPU
	EndGlobalSection
	GlobalSection(ProjectConfigurationPlatforms) = postSolution
		{F466EF0B-363C-491A-8A74-D6181E31293A}.Debug|Any CPU.ActiveCfg = Debug|Any CPU
		{F466EF0B-363C-491A-8A74-D6181E31293A}.Debug|Any CPU.Build.0 = Debug|Any CPU
		{F466EF0B-363C-491A-8A74-D6181E31293A}.Release|Any CPU.ActiveCfg = Release|Any CPU
		{F466EF0B-363C-491A-8A74-D6181E31293A}.Release|Any CPU.Build.0 = Release|Any CPU
	EndGlobalSection
	GlobalSection(SolutionProperties) = preSolution
		HideSolutionNode = FALSE
	EndGlobalSection
	GlobalSection(ExtensibilityGlobals) = postSolution
		SolutionGuid = {F4E8F8C6-2ED2-458A-A814-51F5801ACB37}
	EndGlobalSection
EndGlobal
