
Microsoft Visual Studio Solution File, Format Version 12.00
# Visual Studio Version 17
VisualStudioVersion = 17.13.35818.85 d17.13
MinimumVisualStudioVersion = 10.0.40219.1
Project("{FAE04EC0-301F-11D3-BF4B-00C04F79EFBC}") = "Test_TEXTRPG", "Test_TEXTRPG\Test_TEXTRPG.csproj", "{55FFDE98-B83D-40B2-BF28-28A15C8285DC}"
EndProject
Global
	GlobalSection(SolutionConfigurationPlatforms) = preSolution
		Debug|Any CPU = Debug|Any CPU
		Release|Any CPU = Release|Any CPU
	EndGlobalSection
	GlobalSection(ProjectConfigurationPlatforms) = postSolution
		{55FFDE98-B83D-40B2-BF28-28A15C8285DC}.Debug|Any CPU.ActiveCfg = Debug|Any CPU
		{55FFDE98-B83D-40B2-BF28-28A15C8285DC}.Debug|Any CPU.Build.0 = Debug|Any CPU
		{55FFDE98-B83D-40B2-BF28-28A15C8285DC}.Release|Any CPU.ActiveCfg = Release|Any CPU
		{55FFDE98-B83D-40B2-BF28-28A15C8285DC}.Release|Any CPU.Build.0 = Release|Any CPU
	EndGlobalSection
	GlobalSection(SolutionProperties) = preSolution
		HideSolutionNode = FALSE
	EndGlobalSection
	GlobalSection(ExtensibilityGlobals) = postSolution
		SolutionGuid = {884B411B-9CD9-40F5-8CED-8E9317AAAFD2}
	EndGlobalSection
EndGlobal
