
Microsoft Visual Studio Solution File, Format Version 12.00
# Visual Studio Version 17
VisualStudioVersion = 17.13.35818.85 d17.13
MinimumVisualStudioVersion = 10.0.40219.1
Project("{FAE04EC0-301F-11D3-BF4B-00C04F79EFBC}") = "250306_4", "250306_4\250306_4.csproj", "{B63ED190-1C6A-4748-B954-4E36A8A1AC95}"
EndProject
Global
	GlobalSection(SolutionConfigurationPlatforms) = preSolution
		Debug|Any CPU = Debug|Any CPU
		Release|Any CPU = Release|Any CPU
	EndGlobalSection
	GlobalSection(ProjectConfigurationPlatforms) = postSolution
		{B63ED190-1C6A-4748-B954-4E36A8A1AC95}.Debug|Any CPU.ActiveCfg = Debug|Any CPU
		{B63ED190-1C6A-4748-B954-4E36A8A1AC95}.Debug|Any CPU.Build.0 = Debug|Any CPU
		{B63ED190-1C6A-4748-B954-4E36A8A1AC95}.Release|Any CPU.ActiveCfg = Release|Any CPU
		{B63ED190-1C6A-4748-B954-4E36A8A1AC95}.Release|Any CPU.Build.0 = Release|Any CPU
	EndGlobalSection
	GlobalSection(SolutionProperties) = preSolution
		HideSolutionNode = FALSE
	EndGlobalSection
	GlobalSection(ExtensibilityGlobals) = postSolution
		SolutionGuid = {3540FD78-76A7-4159-BDF5-1F172CE83F98}
	EndGlobalSection
EndGlobal
