
Microsoft Visual Studio Solution File, Format Version 12.00
# Visual Studio Version 17
VisualStudioVersion = 17.13.35818.85 d17.13
MinimumVisualStudioVersion = 10.0.40219.1
Project("{FAE04EC0-301F-11D3-BF4B-00C04F79EFBC}") = "250305_4", "250305_4\250305_4.csproj", "{0DA08D60-DBFA-426D-8C96-81B57F980384}"
EndProject
Global
	GlobalSection(SolutionConfigurationPlatforms) = preSolution
		Debug|Any CPU = Debug|Any CPU
		Release|Any CPU = Release|Any CPU
	EndGlobalSection
	GlobalSection(ProjectConfigurationPlatforms) = postSolution
		{0DA08D60-DBFA-426D-8C96-81B57F980384}.Debug|Any CPU.ActiveCfg = Debug|Any CPU
		{0DA08D60-DBFA-426D-8C96-81B57F980384}.Debug|Any CPU.Build.0 = Debug|Any CPU
		{0DA08D60-DBFA-426D-8C96-81B57F980384}.Release|Any CPU.ActiveCfg = Release|Any CPU
		{0DA08D60-DBFA-426D-8C96-81B57F980384}.Release|Any CPU.Build.0 = Release|Any CPU
	EndGlobalSection
	GlobalSection(SolutionProperties) = preSolution
		HideSolutionNode = FALSE
	EndGlobalSection
	GlobalSection(ExtensibilityGlobals) = postSolution
		SolutionGuid = {1ED37CA7-9399-4A12-A326-8EABBA852082}
	EndGlobalSection
EndGlobal
