
Microsoft Visual Studio Solution File, Format Version 12.00
# Visual Studio Version 17
VisualStudioVersion = 17.13.35818.85 d17.13
MinimumVisualStudioVersion = 10.0.40219.1
Project("{FAE04EC0-301F-11D3-BF4B-00C04F79EFBC}") = "250226_Quest", "250226_Quest\250226_Quest.csproj", "{AE8F8D88-57A8-4616-A0BC-2EC9B1982E10}"
EndProject
Global
	GlobalSection(SolutionConfigurationPlatforms) = preSolution
		Debug|Any CPU = Debug|Any CPU
		Release|Any CPU = Release|Any CPU
	EndGlobalSection
	GlobalSection(ProjectConfigurationPlatforms) = postSolution
		{AE8F8D88-57A8-4616-A0BC-2EC9B1982E10}.Debug|Any CPU.ActiveCfg = Debug|Any CPU
		{AE8F8D88-57A8-4616-A0BC-2EC9B1982E10}.Debug|Any CPU.Build.0 = Debug|Any CPU
		{AE8F8D88-57A8-4616-A0BC-2EC9B1982E10}.Release|Any CPU.ActiveCfg = Release|Any CPU
		{AE8F8D88-57A8-4616-A0BC-2EC9B1982E10}.Release|Any CPU.Build.0 = Release|Any CPU
	EndGlobalSection
	GlobalSection(SolutionProperties) = preSolution
		HideSolutionNode = FALSE
	EndGlobalSection
	GlobalSection(ExtensibilityGlobals) = postSolution
		SolutionGuid = {C3628721-CBD9-4E0F-8730-8D30EB0A622D}
	EndGlobalSection
EndGlobal
