
Microsoft Visual Studio Solution File, Format Version 12.00
# Visual Studio Version 17
VisualStudioVersion = 17.13.35818.85 d17.13
MinimumVisualStudioVersion = 10.0.40219.1
Project("{FAE04EC0-301F-11D3-BF4B-00C04F79EFBC}") = "250227_2", "250227_2\250227_2.csproj", "{8B606E77-E09A-4552-BBAB-8E29A29C9C17}"
EndProject
Global
	GlobalSection(SolutionConfigurationPlatforms) = preSolution
		Debug|Any CPU = Debug|Any CPU
		Release|Any CPU = Release|Any CPU
	EndGlobalSection
	GlobalSection(ProjectConfigurationPlatforms) = postSolution
		{8B606E77-E09A-4552-BBAB-8E29A29C9C17}.Debug|Any CPU.ActiveCfg = Debug|Any CPU
		{8B606E77-E09A-4552-BBAB-8E29A29C9C17}.Debug|Any CPU.Build.0 = Debug|Any CPU
		{8B606E77-E09A-4552-BBAB-8E29A29C9C17}.Release|Any CPU.ActiveCfg = Release|Any CPU
		{8B606E77-E09A-4552-BBAB-8E29A29C9C17}.Release|Any CPU.Build.0 = Release|Any CPU
	EndGlobalSection
	GlobalSection(SolutionProperties) = preSolution
		HideSolutionNode = FALSE
	EndGlobalSection
	GlobalSection(ExtensibilityGlobals) = postSolution
		SolutionGuid = {760652BC-2001-4042-949A-72ABAE6C8591}
	EndGlobalSection
EndGlobal
