
Microsoft Visual Studio Solution File, Format Version 12.00
# Visual Studio Version 17
VisualStudioVersion = 17.13.35818.85 d17.13
MinimumVisualStudioVersion = 10.0.40219.1
Project("{FAE04EC0-301F-11D3-BF4B-00C04F79EFBC}") = "TodayTask1", "TodayTask1\TodayTask1.csproj", "{56010D3E-6E81-4BF1-8313-C8E0CADA1965}"
EndProject
Global
	GlobalSection(SolutionConfigurationPlatforms) = preSolution
		Debug|Any CPU = Debug|Any CPU
		Release|Any CPU = Release|Any CPU
	EndGlobalSection
	GlobalSection(ProjectConfigurationPlatforms) = postSolution
		{56010D3E-6E81-4BF1-8313-C8E0CADA1965}.Debug|Any CPU.ActiveCfg = Debug|Any CPU
		{56010D3E-6E81-4BF1-8313-C8E0CADA1965}.Debug|Any CPU.Build.0 = Debug|Any CPU
		{56010D3E-6E81-4BF1-8313-C8E0CADA1965}.Release|Any CPU.ActiveCfg = Release|Any CPU
		{56010D3E-6E81-4BF1-8313-C8E0CADA1965}.Release|Any CPU.Build.0 = Release|Any CPU
	EndGlobalSection
	GlobalSection(SolutionProperties) = preSolution
		HideSolutionNode = FALSE
	EndGlobalSection
	GlobalSection(ExtensibilityGlobals) = postSolution
		SolutionGuid = {4D596095-2CD8-4BBB-A4C4-198F501FFAA3}
	EndGlobalSection
EndGlobal
