
Microsoft Visual Studio Solution File, Format Version 12.00
# Visual Studio Version 17
VisualStudioVersion = 17.13.35818.85 d17.13
MinimumVisualStudioVersion = 10.0.40219.1
Project("{FAE04EC0-301F-11D3-BF4B-00C04F79EFBC}") = "250304_6_q2", "250304_6_q2\250304_6_q2.csproj", "{35CE693C-D98C-4FF0-9723-BD38ACFB21B6}"
EndProject
Global
	GlobalSection(SolutionConfigurationPlatforms) = preSolution
		Debug|Any CPU = Debug|Any CPU
		Release|Any CPU = Release|Any CPU
	EndGlobalSection
	GlobalSection(ProjectConfigurationPlatforms) = postSolution
		{35CE693C-D98C-4FF0-9723-BD38ACFB21B6}.Debug|Any CPU.ActiveCfg = Debug|Any CPU
		{35CE693C-D98C-4FF0-9723-BD38ACFB21B6}.Debug|Any CPU.Build.0 = Debug|Any CPU
		{35CE693C-D98C-4FF0-9723-BD38ACFB21B6}.Release|Any CPU.ActiveCfg = Release|Any CPU
		{35CE693C-D98C-4FF0-9723-BD38ACFB21B6}.Release|Any CPU.Build.0 = Release|Any CPU
	EndGlobalSection
	GlobalSection(SolutionProperties) = preSolution
		HideSolutionNode = FALSE
	EndGlobalSection
	GlobalSection(ExtensibilityGlobals) = postSolution
		SolutionGuid = {6E94964A-C871-468E-9AE1-F4FD1E14DC4D}
	EndGlobalSection
EndGlobal
